// !$*UTF8*$!
{
	archiveVersion = 1;
	classes = {
	};
	objectVersion = 56;
	objects = {

/* Begin PBXBuildFile section */
		4E32D1B92AC96F3C00522A4D /* ResultsStage.swift in Sources */ = {isa = PBXBuildFile; fileRef = 4E32D1B82AC96F3C00522A4D /* ResultsStage.swift */; };
		4E32D1BB2AC96F4700522A4D /* ResultsStageNavBar.swift in Sources */ = {isa = PBXBuildFile; fileRef = 4E32D1BA2AC96F4700522A4D /* ResultsStageNavBar.swift */; };
		4E32D1BD2AC9747200522A4D /* Double+.swift in Sources */ = {isa = PBXBuildFile; fileRef = 4E32D1BC2AC9747200522A4D /* Double+.swift */; };
		4E32D1BF2ACA713B00522A4D /* Currencies+.swift in Sources */ = {isa = PBXBuildFile; fileRef = 4E32D1BE2ACA713B00522A4D /* Currencies+.swift */; };
		4E32D1C12ACB780200522A4D /* ShareButton.swift in Sources */ = {isa = PBXBuildFile; fileRef = 4E32D1C02ACB780200522A4D /* ShareButton.swift */; };
		4E4B68BF2ABA5DBF000CE063 /* Centered.swift in Sources */ = {isa = PBXBuildFile; fileRef = 4E4B68BE2ABA5DBF000CE063 /* Centered.swift */; };
		4E4B68C12ABA7412000CE063 /* ItemsListSheet.swift in Sources */ = {isa = PBXBuildFile; fileRef = 4E4B68C02ABA7412000CE063 /* ItemsListSheet.swift */; };
		4E4B68C42ABA7495000CE063 /* FloatingFocusedBar.swift in Sources */ = {isa = PBXBuildFile; fileRef = 4E4B68C32ABA7495000CE063 /* FloatingFocusedBar.swift */; };
		4E4B68C72ABD2FBB000CE063 /* Currencies.swift in Sources */ = {isa = PBXBuildFile; fileRef = 4E4B68C62ABD2FBB000CE063 /* Currencies.swift */; };
		4E4B68C92ABD30A4000CE063 /* CurrencyPicker.swift in Sources */ = {isa = PBXBuildFile; fileRef = 4E4B68C82ABD30A4000CE063 /* CurrencyPicker.swift */; };
		4E547BF52ABE44E100196B65 /* Stages.swift in Sources */ = {isa = PBXBuildFile; fileRef = 4E547BF42ABE44E100196B65 /* Stages.swift */; };
		4E552BDF2AC9603E0038EC0C /* Calculation.swift in Sources */ = {isa = PBXBuildFile; fileRef = 4E552BDE2AC9603E0038EC0C /* Calculation.swift */; };
		4E6ABBAE2ABFC85600054524 /* OCRResultsFrame.swift in Sources */ = {isa = PBXBuildFile; fileRef = 4E6ABBAD2ABFC85600054524 /* OCRResultsFrame.swift */; };
		4E6ABBB02ABFCC8F00054524 /* TotalCostField.swift in Sources */ = {isa = PBXBuildFile; fileRef = 4E6ABBAF2ABFCC8F00054524 /* TotalCostField.swift */; };
		4E6ABBB42AC0FEBE00054524 /* InstructionsBanner.swift in Sources */ = {isa = PBXBuildFile; fileRef = 4E6ABBB32AC0FEBE00054524 /* InstructionsBanner.swift */; };
		4E6ABBB62AC104C200054524 /* ItemRowButton.swift in Sources */ = {isa = PBXBuildFile; fileRef = 4E6ABBB52AC104C200054524 /* ItemRowButton.swift */; };
		4E6ABBBC2AC3C1CB00054524 /* StageSwitcherView.swift in Sources */ = {isa = PBXBuildFile; fileRef = 4E6ABBBB2AC3C1CB00054524 /* StageSwitcherView.swift */; };
		4E6ABBBE2AC3C54E00054524 /* AssignStage.swift in Sources */ = {isa = PBXBuildFile; fileRef = 4E6ABBBD2AC3C54E00054524 /* AssignStage.swift */; };
		4E6ABBC02AC3C55B00054524 /* AssignStageNavBar.swift in Sources */ = {isa = PBXBuildFile; fileRef = 4E6ABBBF2AC3C55B00054524 /* AssignStageNavBar.swift */; };
		4E6ABBC22AC3C6D800054524 /* SplitterFlowState.swift in Sources */ = {isa = PBXBuildFile; fileRef = 4E6ABBC12AC3C6D800054524 /* SplitterFlowState.swift */; };
		4E6ABBC52AC5083400054524 /* Payer.swift in Sources */ = {isa = PBXBuildFile; fileRef = 4E6ABBC32AC5083400054524 /* Payer.swift */; };
		4E6ABBC62AC5083400054524 /* Share.swift in Sources */ = {isa = PBXBuildFile; fileRef = 4E6ABBC42AC5083400054524 /* Share.swift */; };
		4E6ABBCC2AC5091C00054524 /* ItemRow.swift in Sources */ = {isa = PBXBuildFile; fileRef = 4E6ABBC92AC5091C00054524 /* ItemRow.swift */; };
		4E6ABBCD2AC5091C00054524 /* NameLabel.swift in Sources */ = {isa = PBXBuildFile; fileRef = 4E6ABBCA2AC5091C00054524 /* NameLabel.swift */; };
		4E6ABBCE2AC5091C00054524 /* PayerRow.swift in Sources */ = {isa = PBXBuildFile; fileRef = 4E6ABBCB2AC5091C00054524 /* PayerRow.swift */; };
		4E6ABBD02AC8F5AA00054524 /* QuantityEditorSheet.swift in Sources */ = {isa = PBXBuildFile; fileRef = 4E6ABBCF2AC8F5AA00054524 /* QuantityEditorSheet.swift */; };
		4E6ABBD22AC8FB7E00054524 /* PayerEditor.swift in Sources */ = {isa = PBXBuildFile; fileRef = 4E6ABBD12AC8FB7E00054524 /* PayerEditor.swift */; };
		4E7F30B92A9C007E00555493 /* SplitterApp.swift in Sources */ = {isa = PBXBuildFile; fileRef = 4E7F30B82A9C007E00555493 /* SplitterApp.swift */; };
		4E7F30BB2A9C007E00555493 /* ReceiptStage.swift in Sources */ = {isa = PBXBuildFile; fileRef = 4E7F30BA2A9C007E00555493 /* ReceiptStage.swift */; };
		4E7F30BD2A9C007F00555493 /* Assets.xcassets in Resources */ = {isa = PBXBuildFile; fileRef = 4E7F30BC2A9C007F00555493 /* Assets.xcassets */; };
		4E7F30C02A9C007F00555493 /* Preview Assets.xcassets in Resources */ = {isa = PBXBuildFile; fileRef = 4E7F30BF2A9C007F00555493 /* Preview Assets.xcassets */; };
		4E7F30C72A9FE5DF00555493 /* OCRPhotoModel.swift in Sources */ = {isa = PBXBuildFile; fileRef = 4E7F30C62A9FE5DF00555493 /* OCRPhotoModel.swift */; };
		4E7F30CB2A9FF70B00555493 /* ContentView+OCR Processing.swift in Sources */ = {isa = PBXBuildFile; fileRef = 4E7F30CA2A9FF70B00555493 /* ContentView+OCR Processing.swift */; };
		4E7F30CD2A9FF79700555493 /* ImagePicker.swift in Sources */ = {isa = PBXBuildFile; fileRef = 4E7F30CC2A9FF79700555493 /* ImagePicker.swift */; };
		4ECC77112ABF8B1100C88D6F /* ItemPropertyField.swift in Sources */ = {isa = PBXBuildFile; fileRef = 4ECC77102ABF8B1100C88D6F /* ItemPropertyField.swift */; };
		4ECC77132ABF92BE00C88D6F /* ReceiptStageNavBar.swift in Sources */ = {isa = PBXBuildFile; fileRef = 4ECC77122ABF92BE00C88D6F /* ReceiptStageNavBar.swift */; };
		4EF902ED2AA42E15004B4ABF /* Item.swift in Sources */ = {isa = PBXBuildFile; fileRef = 4EF902EC2AA42E15004B4ABF /* Item.swift */; };
		4EF902EF2AA430BA004B4ABF /* OCRResultLabel.swift in Sources */ = {isa = PBXBuildFile; fileRef = 4EF902EE2AA430BA004B4ABF /* OCRResultLabel.swift */; };
		4EF902F12AA54C2A004B4ABF /* FloatingBarState.swift in Sources */ = {isa = PBXBuildFile; fileRef = 4EF902F02AA54C2A004B4ABF /* FloatingBarState.swift */; };
		4EF902F32AA54C52004B4ABF /* FloatingItemsList.swift in Sources */ = {isa = PBXBuildFile; fileRef = 4EF902F22AA54C52004B4ABF /* FloatingItemsList.swift */; };
		4EF902F82AA55134004B4ABF /* OCRResultButton.swift in Sources */ = {isa = PBXBuildFile; fileRef = 4EF902F72AA55134004B4ABF /* OCRResultButton.swift */; };
/* End PBXBuildFile section */

/* Begin PBXFileReference section */
		4E32D1B82AC96F3C00522A4D /* ResultsStage.swift */ = {isa = PBXFileReference; lastKnownFileType = sourcecode.swift; path = ResultsStage.swift; sourceTree = "<group>"; };
		4E32D1BA2AC96F4700522A4D /* ResultsStageNavBar.swift */ = {isa = PBXFileReference; lastKnownFileType = sourcecode.swift; path = ResultsStageNavBar.swift; sourceTree = "<group>"; };
		4E32D1BC2AC9747200522A4D /* Double+.swift */ = {isa = PBXFileReference; lastKnownFileType = sourcecode.swift; path = "Double+.swift"; sourceTree = "<group>"; };
		4E32D1BE2ACA713B00522A4D /* Currencies+.swift */ = {isa = PBXFileReference; lastKnownFileType = sourcecode.swift; path = "Currencies+.swift"; sourceTree = "<group>"; };
		4E32D1C02ACB780200522A4D /* ShareButton.swift */ = {isa = PBXFileReference; lastKnownFileType = sourcecode.swift; path = ShareButton.swift; sourceTree = "<group>"; };
		4E4B68BE2ABA5DBF000CE063 /* Centered.swift */ = {isa = PBXFileReference; lastKnownFileType = sourcecode.swift; path = Centered.swift; sourceTree = "<group>"; };
		4E4B68C02ABA7412000CE063 /* ItemsListSheet.swift */ = {isa = PBXFileReference; lastKnownFileType = sourcecode.swift; path = ItemsListSheet.swift; sourceTree = "<group>"; };
		4E4B68C32ABA7495000CE063 /* FloatingFocusedBar.swift */ = {isa = PBXFileReference; lastKnownFileType = sourcecode.swift; path = FloatingFocusedBar.swift; sourceTree = "<group>"; };
		4E4B68C62ABD2FBB000CE063 /* Currencies.swift */ = {isa = PBXFileReference; fileEncoding = 4; lastKnownFileType = sourcecode.swift; path = Currencies.swift; sourceTree = "<group>"; };
		4E4B68C82ABD30A4000CE063 /* CurrencyPicker.swift */ = {isa = PBXFileReference; lastKnownFileType = sourcecode.swift; path = CurrencyPicker.swift; sourceTree = "<group>"; };
		4E547BF42ABE44E100196B65 /* Stages.swift */ = {isa = PBXFileReference; lastKnownFileType = sourcecode.swift; path = Stages.swift; sourceTree = "<group>"; };
		4E552BDE2AC9603E0038EC0C /* Calculation.swift */ = {isa = PBXFileReference; lastKnownFileType = sourcecode.swift; path = Calculation.swift; sourceTree = "<group>"; };
		4E6ABBAD2ABFC85600054524 /* OCRResultsFrame.swift */ = {isa = PBXFileReference; lastKnownFileType = sourcecode.swift; path = OCRResultsFrame.swift; sourceTree = "<group>"; };
		4E6ABBAF2ABFCC8F00054524 /* TotalCostField.swift */ = {isa = PBXFileReference; lastKnownFileType = sourcecode.swift; path = TotalCostField.swift; sourceTree = "<group>"; };
		4E6ABBB32AC0FEBE00054524 /* InstructionsBanner.swift */ = {isa = PBXFileReference; lastKnownFileType = sourcecode.swift; path = InstructionsBanner.swift; sourceTree = "<group>"; };
		4E6ABBB52AC104C200054524 /* ItemRowButton.swift */ = {isa = PBXFileReference; lastKnownFileType = sourcecode.swift; path = ItemRowButton.swift; sourceTree = "<group>"; };
		4E6ABBBB2AC3C1CB00054524 /* StageSwitcherView.swift */ = {isa = PBXFileReference; lastKnownFileType = sourcecode.swift; path = StageSwitcherView.swift; sourceTree = "<group>"; };
		4E6ABBBD2AC3C54E00054524 /* AssignStage.swift */ = {isa = PBXFileReference; lastKnownFileType = sourcecode.swift; path = AssignStage.swift; sourceTree = "<group>"; };
		4E6ABBBF2AC3C55B00054524 /* AssignStageNavBar.swift */ = {isa = PBXFileReference; lastKnownFileType = sourcecode.swift; path = AssignStageNavBar.swift; sourceTree = "<group>"; };
		4E6ABBC12AC3C6D800054524 /* SplitterFlowState.swift */ = {isa = PBXFileReference; lastKnownFileType = sourcecode.swift; path = SplitterFlowState.swift; sourceTree = "<group>"; };
		4E6ABBC32AC5083400054524 /* Payer.swift */ = {isa = PBXFileReference; fileEncoding = 4; lastKnownFileType = sourcecode.swift; path = Payer.swift; sourceTree = "<group>"; };
		4E6ABBC42AC5083400054524 /* Share.swift */ = {isa = PBXFileReference; fileEncoding = 4; lastKnownFileType = sourcecode.swift; path = Share.swift; sourceTree = "<group>"; };
		4E6ABBC92AC5091C00054524 /* ItemRow.swift */ = {isa = PBXFileReference; fileEncoding = 4; lastKnownFileType = sourcecode.swift; path = ItemRow.swift; sourceTree = "<group>"; };
		4E6ABBCA2AC5091C00054524 /* NameLabel.swift */ = {isa = PBXFileReference; fileEncoding = 4; lastKnownFileType = sourcecode.swift; path = NameLabel.swift; sourceTree = "<group>"; };
		4E6ABBCB2AC5091C00054524 /* PayerRow.swift */ = {isa = PBXFileReference; fileEncoding = 4; lastKnownFileType = sourcecode.swift; path = PayerRow.swift; sourceTree = "<group>"; };
		4E6ABBCF2AC8F5AA00054524 /* QuantityEditorSheet.swift */ = {isa = PBXFileReference; lastKnownFileType = sourcecode.swift; path = QuantityEditorSheet.swift; sourceTree = "<group>"; };
		4E6ABBD12AC8FB7E00054524 /* PayerEditor.swift */ = {isa = PBXFileReference; lastKnownFileType = sourcecode.swift; path = PayerEditor.swift; sourceTree = "<group>"; };
		4E7F30B52A9C007E00555493 /* Splitter.app */ = {isa = PBXFileReference; explicitFileType = wrapper.application; includeInIndex = 0; path = Splitter.app; sourceTree = BUILT_PRODUCTS_DIR; };
		4E7F30B82A9C007E00555493 /* SplitterApp.swift */ = {isa = PBXFileReference; lastKnownFileType = sourcecode.swift; path = SplitterApp.swift; sourceTree = "<group>"; };
		4E7F30BA2A9C007E00555493 /* ReceiptStage.swift */ = {isa = PBXFileReference; lastKnownFileType = sourcecode.swift; path = ReceiptStage.swift; sourceTree = "<group>"; };
		4E7F30BC2A9C007F00555493 /* Assets.xcassets */ = {isa = PBXFileReference; lastKnownFileType = folder.assetcatalog; path = Assets.xcassets; sourceTree = "<group>"; };
		4E7F30BF2A9C007F00555493 /* Preview Assets.xcassets */ = {isa = PBXFileReference; lastKnownFileType = folder.assetcatalog; path = "Preview Assets.xcassets"; sourceTree = "<group>"; };
		4E7F30C62A9FE5DF00555493 /* OCRPhotoModel.swift */ = {isa = PBXFileReference; lastKnownFileType = sourcecode.swift; path = OCRPhotoModel.swift; sourceTree = "<group>"; };
		4E7F30CA2A9FF70B00555493 /* ContentView+OCR Processing.swift */ = {isa = PBXFileReference; lastKnownFileType = sourcecode.swift; path = "ContentView+OCR Processing.swift"; sourceTree = "<group>"; };
		4E7F30CC2A9FF79700555493 /* ImagePicker.swift */ = {isa = PBXFileReference; lastKnownFileType = sourcecode.swift; path = ImagePicker.swift; sourceTree = "<group>"; };
		4EC0E2B72AD5562300B80035 /* Info.plist */ = {isa = PBXFileReference; lastKnownFileType = text.plist; path = Info.plist; sourceTree = "<group>"; };
		4ECC77102ABF8B1100C88D6F /* ItemPropertyField.swift */ = {isa = PBXFileReference; lastKnownFileType = sourcecode.swift; path = ItemPropertyField.swift; sourceTree = "<group>"; };
		4ECC77122ABF92BE00C88D6F /* ReceiptStageNavBar.swift */ = {isa = PBXFileReference; lastKnownFileType = sourcecode.swift; path = ReceiptStageNavBar.swift; sourceTree = "<group>"; };
		4EF902EC2AA42E15004B4ABF /* Item.swift */ = {isa = PBXFileReference; lastKnownFileType = sourcecode.swift; path = Item.swift; sourceTree = "<group>"; };
		4EF902EE2AA430BA004B4ABF /* OCRResultLabel.swift */ = {isa = PBXFileReference; lastKnownFileType = sourcecode.swift; path = OCRResultLabel.swift; sourceTree = "<group>"; };
		4EF902F02AA54C2A004B4ABF /* FloatingBarState.swift */ = {isa = PBXFileReference; lastKnownFileType = sourcecode.swift; path = FloatingBarState.swift; sourceTree = "<group>"; };
		4EF902F22AA54C52004B4ABF /* FloatingItemsList.swift */ = {isa = PBXFileReference; lastKnownFileType = sourcecode.swift; path = FloatingItemsList.swift; sourceTree = "<group>"; };
		4EF902F72AA55134004B4ABF /* OCRResultButton.swift */ = {isa = PBXFileReference; lastKnownFileType = sourcecode.swift; path = OCRResultButton.swift; sourceTree = "<group>"; };
/* End PBXFileReference section */

/* Begin PBXFrameworksBuildPhase section */
		4E7F30B22A9C007E00555493 /* Frameworks */ = {
			isa = PBXFrameworksBuildPhase;
			buildActionMask = 2147483647;
			files = (
			);
			runOnlyForDeploymentPostprocessing = 0;
		};
/* End PBXFrameworksBuildPhase section */

/* Begin PBXGroup section */
		4E4B68C22ABA743C000CE063 /* Floating Items List */ = {
			isa = PBXGroup;
			children = (
				4EF902F22AA54C52004B4ABF /* FloatingItemsList.swift */,
				4EF902F02AA54C2A004B4ABF /* FloatingBarState.swift */,
				4E4B68C52ABA750F000CE063 /* Subviews */,
			);
			path = "Floating Items List";
			sourceTree = "<group>";
		};
		4E4B68C52ABA750F000CE063 /* Subviews */ = {
			isa = PBXGroup;
			children = (
				4E4B68C02ABA7412000CE063 /* ItemsListSheet.swift */,
				4E4B68C32ABA7495000CE063 /* FloatingFocusedBar.swift */,
				4E6ABBB52AC104C200054524 /* ItemRowButton.swift */,
				4ECC77102ABF8B1100C88D6F /* ItemPropertyField.swift */,
			);
			path = Subviews;
			sourceTree = "<group>";
		};
		4E6ABBB72AC111EB00054524 /* Constants */ = {
			isa = PBXGroup;
			children = (
				4E32D1BC2AC9747200522A4D /* Double+.swift */,
				4E32D1BE2ACA713B00522A4D /* Currencies+.swift */,
			);
			path = Constants;
			sourceTree = "<group>";
		};
		4E6ABBBA2AC3C14700054524 /* Stage Views */ = {
			isa = PBXGroup;
			children = (
				4E7F30BA2A9C007E00555493 /* ReceiptStage.swift */,
				4ECC77122ABF92BE00C88D6F /* ReceiptStageNavBar.swift */,
				4E6ABBBD2AC3C54E00054524 /* AssignStage.swift */,
				4E6ABBBF2AC3C55B00054524 /* AssignStageNavBar.swift */,
				4E32D1B82AC96F3C00522A4D /* ResultsStage.swift */,
				4E32D1BA2AC96F4700522A4D /* ResultsStageNavBar.swift */,
			);
			path = "Stage Views";
			sourceTree = "<group>";
		};
		4E6ABBC72AC5085500054524 /* OCR Result Views */ = {
			isa = PBXGroup;
			children = (
				4E6ABBAD2ABFC85600054524 /* OCRResultsFrame.swift */,
				4EF902EE2AA430BA004B4ABF /* OCRResultLabel.swift */,
				4EF902F72AA55134004B4ABF /* OCRResultButton.swift */,
			);
			path = "OCR Result Views";
			sourceTree = "<group>";
		};
		4E6ABBC82AC5088A00054524 /* Assign Stage Views */ = {
			isa = PBXGroup;
			children = (
				4E6ABBC92AC5091C00054524 /* ItemRow.swift */,
				4E6ABBCB2AC5091C00054524 /* PayerRow.swift */,
				4E6ABBCA2AC5091C00054524 /* NameLabel.swift */,
				4E6ABBCF2AC8F5AA00054524 /* QuantityEditorSheet.swift */,
				4E6ABBD12AC8FB7E00054524 /* PayerEditor.swift */,
				4E32D1C02ACB780200522A4D /* ShareButton.swift */,
			);
			path = "Assign Stage Views";
			sourceTree = "<group>";
		};
		4E7F30AC2A9C007E00555493 = {
			isa = PBXGroup;
			children = (
				4E7F30B72A9C007E00555493 /* Splitter */,
				4E7F30B62A9C007E00555493 /* Products */,
			);
			sourceTree = "<group>";
		};
		4E7F30B62A9C007E00555493 /* Products */ = {
			isa = PBXGroup;
			children = (
				4E7F30B52A9C007E00555493 /* Splitter.app */,
			);
			name = Products;
			sourceTree = "<group>";
		};
		4E7F30B72A9C007E00555493 /* Splitter */ = {
			isa = PBXGroup;
			children = (
				4EC0E2B72AD5562300B80035 /* Info.plist */,
				4E7F30B82A9C007E00555493 /* SplitterApp.swift */,
				4E6ABBBB2AC3C1CB00054524 /* StageSwitcherView.swift */,
				4EF902F42AA54C88004B4ABF /* Model */,
				4E6ABBBA2AC3C14700054524 /* Stage Views */,
				4E6ABBB72AC111EB00054524 /* Constants */,
				4EF902F62AA54CB6004B4ABF /* View Elements */,
				4EF902F52AA54C9B004B4ABF /* OCR */,
				4E7F30BC2A9C007F00555493 /* Assets.xcassets */,
				4E7F30BE2A9C007F00555493 /* Preview Content */,
			);
			path = Splitter;
			sourceTree = "<group>";
		};
		4E7F30BE2A9C007F00555493 /* Preview Content */ = {
			isa = PBXGroup;
			children = (
				4E7F30BF2A9C007F00555493 /* Preview Assets.xcassets */,
			);
			path = "Preview Content";
			sourceTree = "<group>";
		};
		4EF902F42AA54C88004B4ABF /* Model */ = {
			isa = PBXGroup;
			children = (
				4E6ABBC12AC3C6D800054524 /* SplitterFlowState.swift */,
				4EF902EC2AA42E15004B4ABF /* Item.swift */,
				4E6ABBC32AC5083400054524 /* Payer.swift */,
				4E6ABBC42AC5083400054524 /* Share.swift */,
				4E547BF42ABE44E100196B65 /* Stages.swift */,
				4E4B68C62ABD2FBB000CE063 /* Currencies.swift */,
				4E552BDE2AC9603E0038EC0C /* Calculation.swift */,
			);
			path = Model;
			sourceTree = "<group>";
		};
		4EF902F52AA54C9B004B4ABF /* OCR */ = {
			isa = PBXGroup;
			children = (
				4E7F30CA2A9FF70B00555493 /* ContentView+OCR Processing.swift */,
				4E7F30C62A9FE5DF00555493 /* OCRPhotoModel.swift */,
			);
			path = OCR;
			sourceTree = "<group>";
		};
		4EF902F62AA54CB6004B4ABF /* View Elements */ = {
			isa = PBXGroup;
			children = (
				4E4B68C22ABA743C000CE063 /* Floating Items List */,
				4E6ABBC72AC5085500054524 /* OCR Result Views */,
				4E6ABBC82AC5088A00054524 /* Assign Stage Views */,
				4E7F30CC2A9FF79700555493 /* ImagePicker.swift */,
				4E4B68BE2ABA5DBF000CE063 /* Centered.swift */,
				4E4B68C82ABD30A4000CE063 /* CurrencyPicker.swift */,
				4E6ABBAF2ABFCC8F00054524 /* TotalCostField.swift */,
				4E6ABBB32AC0FEBE00054524 /* InstructionsBanner.swift */,
			);
			path = "View Elements";
			sourceTree = "<group>";
		};
/* End PBXGroup section */

/* Begin PBXNativeTarget section */
		4E7F30B42A9C007E00555493 /* Splitter */ = {
			isa = PBXNativeTarget;
			buildConfigurationList = 4E7F30C32A9C007F00555493 /* Build configuration list for PBXNativeTarget "Splitter" */;
			buildPhases = (
				4E7F30B12A9C007E00555493 /* Sources */,
				4E7F30B22A9C007E00555493 /* Frameworks */,
				4E7F30B32A9C007E00555493 /* Resources */,
			);
			buildRules = (
			);
			dependencies = (
			);
			name = Splitter;
			productName = Splitter;
			productReference = 4E7F30B52A9C007E00555493 /* Splitter.app */;
			productType = "com.apple.product-type.application";
		};
/* End PBXNativeTarget section */

/* Begin PBXProject section */
		4E7F30AD2A9C007E00555493 /* Project object */ = {
			isa = PBXProject;
			attributes = {
				BuildIndependentTargetsInParallel = 1;
				LastSwiftUpdateCheck = 1500;
				LastUpgradeCheck = 1500;
				TargetAttributes = {
					4E7F30B42A9C007E00555493 = {
						CreatedOnToolsVersion = 15.0;
					};
				};
			};
			buildConfigurationList = 4E7F30B02A9C007E00555493 /* Build configuration list for PBXProject "Splitter" */;
			compatibilityVersion = "Xcode 14.0";
			developmentRegion = en;
			hasScannedForEncodings = 0;
			knownRegions = (
				en,
				Base,
			);
			mainGroup = 4E7F30AC2A9C007E00555493;
			productRefGroup = 4E7F30B62A9C007E00555493 /* Products */;
			projectDirPath = "";
			projectRoot = "";
			targets = (
				4E7F30B42A9C007E00555493 /* Splitter */,
			);
		};
/* End PBXProject section */

/* Begin PBXResourcesBuildPhase section */
		4E7F30B32A9C007E00555493 /* Resources */ = {
			isa = PBXResourcesBuildPhase;
			buildActionMask = 2147483647;
			files = (
				4E7F30C02A9C007F00555493 /* Preview Assets.xcassets in Resources */,
				4E7F30BD2A9C007F00555493 /* Assets.xcassets in Resources */,
			);
			runOnlyForDeploymentPostprocessing = 0;
		};
/* End PBXResourcesBuildPhase section */

/* Begin PBXSourcesBuildPhase section */
		4E7F30B12A9C007E00555493 /* Sources */ = {
			isa = PBXSourcesBuildPhase;
			buildActionMask = 2147483647;
			files = (
				4E6ABBB42AC0FEBE00054524 /* InstructionsBanner.swift in Sources */,
				4E7F30BB2A9C007E00555493 /* ReceiptStage.swift in Sources */,
				4EF902EF2AA430BA004B4ABF /* OCRResultLabel.swift in Sources */,
				4E547BF52ABE44E100196B65 /* Stages.swift in Sources */,
				4E7F30C72A9FE5DF00555493 /* OCRPhotoModel.swift in Sources */,
				4E6ABBBE2AC3C54E00054524 /* AssignStage.swift in Sources */,
				4EF902F32AA54C52004B4ABF /* FloatingItemsList.swift in Sources */,
				4E32D1BB2AC96F4700522A4D /* ResultsStageNavBar.swift in Sources */,
				4E6ABBBC2AC3C1CB00054524 /* StageSwitcherView.swift in Sources */,
				4ECC77112ABF8B1100C88D6F /* ItemPropertyField.swift in Sources */,
				4E7F30CD2A9FF79700555493 /* ImagePicker.swift in Sources */,
				4ECC77132ABF92BE00C88D6F /* ReceiptStageNavBar.swift in Sources */,
				4E6ABBCD2AC5091C00054524 /* NameLabel.swift in Sources */,
				4E6ABBCC2AC5091C00054524 /* ItemRow.swift in Sources */,
				4E6ABBB02ABFCC8F00054524 /* TotalCostField.swift in Sources */,
				4E552BDF2AC9603E0038EC0C /* Calculation.swift in Sources */,
				4E4B68C72ABD2FBB000CE063 /* Currencies.swift in Sources */,
				4E6ABBD02AC8F5AA00054524 /* QuantityEditorSheet.swift in Sources */,
				4EF902ED2AA42E15004B4ABF /* Item.swift in Sources */,
				4E32D1C12ACB780200522A4D /* ShareButton.swift in Sources */,
				4E4B68C92ABD30A4000CE063 /* CurrencyPicker.swift in Sources */,
				4E6ABBD22AC8FB7E00054524 /* PayerEditor.swift in Sources */,
				4EF902F82AA55134004B4ABF /* OCRResultButton.swift in Sources */,
				4E6ABBB62AC104C200054524 /* ItemRowButton.swift in Sources */,
				4E32D1BF2ACA713B00522A4D /* Currencies+.swift in Sources */,
				4E7F30B92A9C007E00555493 /* SplitterApp.swift in Sources */,
				4EF902F12AA54C2A004B4ABF /* FloatingBarState.swift in Sources */,
				4E6ABBC02AC3C55B00054524 /* AssignStageNavBar.swift in Sources */,
				4E7F30CB2A9FF70B00555493 /* ContentView+OCR Processing.swift in Sources */,
				4E6ABBCE2AC5091C00054524 /* PayerRow.swift in Sources */,
				4E6ABBC22AC3C6D800054524 /* SplitterFlowState.swift in Sources */,
				4E4B68C42ABA7495000CE063 /* FloatingFocusedBar.swift in Sources */,
				4E6ABBAE2ABFC85600054524 /* OCRResultsFrame.swift in Sources */,
				4E6ABBC62AC5083400054524 /* Share.swift in Sources */,
				4E4B68C12ABA7412000CE063 /* ItemsListSheet.swift in Sources */,
				4E32D1BD2AC9747200522A4D /* Double+.swift in Sources */,
				4E6ABBC52AC5083400054524 /* Payer.swift in Sources */,
				4E4B68BF2ABA5DBF000CE063 /* Centered.swift in Sources */,
				4E32D1B92AC96F3C00522A4D /* ResultsStage.swift in Sources */,
			);
			runOnlyForDeploymentPostprocessing = 0;
		};
/* End PBXSourcesBuildPhase section */

/* Begin XCBuildConfiguration section */
		4E7F30C12A9C007F00555493 /* Debug */ = {
			isa = XCBuildConfiguration;
			buildSettings = {
				ALWAYS_SEARCH_USER_PATHS = NO;
				ASSETCATALOG_COMPILER_GENERATE_SWIFT_ASSET_SYMBOL_EXTENSIONS = YES;
				CLANG_ANALYZER_NONNULL = YES;
				CLANG_ANALYZER_NUMBER_OBJECT_CONVERSION = YES_AGGRESSIVE;
				CLANG_CXX_LANGUAGE_STANDARD = "gnu++20";
				CLANG_ENABLE_MODULES = YES;
				CLANG_ENABLE_OBJC_ARC = YES;
				CLANG_ENABLE_OBJC_WEAK = YES;
				CLANG_WARN_BLOCK_CAPTURE_AUTORELEASING = YES;
				CLANG_WARN_BOOL_CONVERSION = YES;
				CLANG_WARN_COMMA = YES;
				CLANG_WARN_CONSTANT_CONVERSION = YES;
				CLANG_WARN_DEPRECATED_OBJC_IMPLEMENTATIONS = YES;
				CLANG_WARN_DIRECT_OBJC_ISA_USAGE = YES_ERROR;
				CLANG_WARN_DOCUMENTATION_COMMENTS = YES;
				CLANG_WARN_EMPTY_BODY = YES;
				CLANG_WARN_ENUM_CONVERSION = YES;
				CLANG_WARN_INFINITE_RECURSION = YES;
				CLANG_WARN_INT_CONVERSION = YES;
				CLANG_WARN_NON_LITERAL_NULL_CONVERSION = YES;
				CLANG_WARN_OBJC_IMPLICIT_RETAIN_SELF = YES;
				CLANG_WARN_OBJC_LITERAL_CONVERSION = YES;
				CLANG_WARN_OBJC_ROOT_CLASS = YES_ERROR;
				CLANG_WARN_QUOTED_INCLUDE_IN_FRAMEWORK_HEADER = YES;
				CLANG_WARN_RANGE_LOOP_ANALYSIS = YES;
				CLANG_WARN_STRICT_PROTOTYPES = YES;
				CLANG_WARN_SUSPICIOUS_MOVE = YES;
				CLANG_WARN_UNGUARDED_AVAILABILITY = YES_AGGRESSIVE;
				CLANG_WARN_UNREACHABLE_CODE = YES;
				CLANG_WARN__DUPLICATE_METHOD_MATCH = YES;
				COPY_PHASE_STRIP = NO;
				DEBUG_INFORMATION_FORMAT = dwarf;
				ENABLE_STRICT_OBJC_MSGSEND = YES;
				ENABLE_TESTABILITY = YES;
				ENABLE_USER_SCRIPT_SANDBOXING = YES;
				GCC_C_LANGUAGE_STANDARD = gnu17;
				GCC_DYNAMIC_NO_PIC = NO;
				GCC_NO_COMMON_BLOCKS = YES;
				GCC_OPTIMIZATION_LEVEL = 0;
				GCC_PREPROCESSOR_DEFINITIONS = (
					"DEBUG=1",
					"$(inherited)",
				);
				GCC_WARN_64_TO_32_BIT_CONVERSION = YES;
				GCC_WARN_ABOUT_RETURN_TYPE = YES_ERROR;
				GCC_WARN_UNDECLARED_SELECTOR = YES;
				GCC_WARN_UNINITIALIZED_AUTOS = YES_AGGRESSIVE;
				GCC_WARN_UNUSED_FUNCTION = YES;
				GCC_WARN_UNUSED_VARIABLE = YES;
				IPHONEOS_DEPLOYMENT_TARGET = 17.0;
				LOCALIZATION_PREFERS_STRING_CATALOGS = YES;
				MTL_ENABLE_DEBUG_INFO = INCLUDE_SOURCE;
				MTL_FAST_MATH = YES;
				ONLY_ACTIVE_ARCH = YES;
				SDKROOT = iphoneos;
				SWIFT_ACTIVE_COMPILATION_CONDITIONS = "DEBUG $(inherited)";
				SWIFT_OPTIMIZATION_LEVEL = "-Onone";
			};
			name = Debug;
		};
		4E7F30C22A9C007F00555493 /* Release */ = {
			isa = XCBuildConfiguration;
			buildSettings = {
				ALWAYS_SEARCH_USER_PATHS = NO;
				ASSETCATALOG_COMPILER_GENERATE_SWIFT_ASSET_SYMBOL_EXTENSIONS = YES;
				CLANG_ANALYZER_NONNULL = YES;
				CLANG_ANALYZER_NUMBER_OBJECT_CONVERSION = YES_AGGRESSIVE;
				CLANG_CXX_LANGUAGE_STANDARD = "gnu++20";
				CLANG_ENABLE_MODULES = YES;
				CLANG_ENABLE_OBJC_ARC = YES;
				CLANG_ENABLE_OBJC_WEAK = YES;
				CLANG_WARN_BLOCK_CAPTURE_AUTORELEASING = YES;
				CLANG_WARN_BOOL_CONVERSION = YES;
				CLANG_WARN_COMMA = YES;
				CLANG_WARN_CONSTANT_CONVERSION = YES;
				CLANG_WARN_DEPRECATED_OBJC_IMPLEMENTATIONS = YES;
				CLANG_WARN_DIRECT_OBJC_ISA_USAGE = YES_ERROR;
				CLANG_WARN_DOCUMENTATION_COMMENTS = YES;
				CLANG_WARN_EMPTY_BODY = YES;
				CLANG_WARN_ENUM_CONVERSION = YES;
				CLANG_WARN_INFINITE_RECURSION = YES;
				CLANG_WARN_INT_CONVERSION = YES;
				CLANG_WARN_NON_LITERAL_NULL_CONVERSION = YES;
				CLANG_WARN_OBJC_IMPLICIT_RETAIN_SELF = YES;
				CLANG_WARN_OBJC_LITERAL_CONVERSION = YES;
				CLANG_WARN_OBJC_ROOT_CLASS = YES_ERROR;
				CLANG_WARN_QUOTED_INCLUDE_IN_FRAMEWORK_HEADER = YES;
				CLANG_WARN_RANGE_LOOP_ANALYSIS = YES;
				CLANG_WARN_STRICT_PROTOTYPES = YES;
				CLANG_WARN_SUSPICIOUS_MOVE = YES;
				CLANG_WARN_UNGUARDED_AVAILABILITY = YES_AGGRESSIVE;
				CLANG_WARN_UNREACHABLE_CODE = YES;
				CLANG_WARN__DUPLICATE_METHOD_MATCH = YES;
				COPY_PHASE_STRIP = NO;
				DEBUG_INFORMATION_FORMAT = "dwarf-with-dsym";
				ENABLE_NS_ASSERTIONS = NO;
				ENABLE_STRICT_OBJC_MSGSEND = YES;
				ENABLE_USER_SCRIPT_SANDBOXING = YES;
				GCC_C_LANGUAGE_STANDARD = gnu17;
				GCC_NO_COMMON_BLOCKS = YES;
				GCC_WARN_64_TO_32_BIT_CONVERSION = YES;
				GCC_WARN_ABOUT_RETURN_TYPE = YES_ERROR;
				GCC_WARN_UNDECLARED_SELECTOR = YES;
				GCC_WARN_UNINITIALIZED_AUTOS = YES_AGGRESSIVE;
				GCC_WARN_UNUSED_FUNCTION = YES;
				GCC_WARN_UNUSED_VARIABLE = YES;
				IPHONEOS_DEPLOYMENT_TARGET = 17.0;
				LOCALIZATION_PREFERS_STRING_CATALOGS = YES;
				MTL_ENABLE_DEBUG_INFO = NO;
				MTL_FAST_MATH = YES;
				SDKROOT = iphoneos;
				SWIFT_COMPILATION_MODE = wholemodule;
				VALIDATE_PRODUCT = YES;
			};
			name = Release;
		};
		4E7F30C42A9C007F00555493 /* Debug */ = {
			isa = XCBuildConfiguration;
			buildSettings = {
				ASSETCATALOG_COMPILER_APPICON_NAME = AppIcon;
				ASSETCATALOG_COMPILER_GLOBAL_ACCENT_COLOR_NAME = AccentColor;
				CODE_SIGN_STYLE = Automatic;
				CURRENT_PROJECT_VERSION = 1;
				DEVELOPMENT_ASSET_PATHS = "\"Splitter/Preview Content\"";
				DEVELOPMENT_TEAM = S5LH6VYMA5;
				ENABLE_PREVIEWS = YES;
				GENERATE_INFOPLIST_FILE = YES;
				INFOPLIST_FILE = Splitter/Info.plist;
				INFOPLIST_KEY_CFBundleDisplayName = Splitter;
				INFOPLIST_KEY_UIApplicationSceneManifest_Generation = YES;
				INFOPLIST_KEY_UIApplicationSupportsIndirectInputEvents = YES;
				INFOPLIST_KEY_UILaunchScreen_Generation = YES;
				INFOPLIST_KEY_UISupportedInterfaceOrientations = UIInterfaceOrientationPortrait;
				INFOPLIST_KEY_UISupportedInterfaceOrientations_iPad = "UIInterfaceOrientationLandscapeLeft UIInterfaceOrientationLandscapeRight UIInterfaceOrientationPortrait UIInterfaceOrientationPortraitUpsideDown";
				LD_RUNPATH_SEARCH_PATHS = (
					"$(inherited)",
					"@executable_path/Frameworks",
				);
				MARKETING_VERSION = 1.0;
				PRODUCT_BUNDLE_IDENTIFIER = "com.Vince14Genius.Check-Splitter-iOS";
				PRODUCT_NAME = "$(TARGET_NAME)";
				SWIFT_EMIT_LOC_STRINGS = YES;
				SWIFT_VERSION = 5.0;
				TARGETED_DEVICE_FAMILY = "1,2";
			};
			name = Debug;
		};
		4E7F30C52A9C007F00555493 /* Release */ = {
			isa = XCBuildConfiguration;
			buildSettings = {
				ASSETCATALOG_COMPILER_APPICON_NAME = AppIcon;
				ASSETCATALOG_COMPILER_GLOBAL_ACCENT_COLOR_NAME = AccentColor;
				CODE_SIGN_STYLE = Automatic;
				CURRENT_PROJECT_VERSION = 1;
				DEVELOPMENT_ASSET_PATHS = "\"Splitter/Preview Content\"";
				DEVELOPMENT_TEAM = S5LH6VYMA5;
				ENABLE_PREVIEWS = YES;
				GENERATE_INFOPLIST_FILE = YES;
				INFOPLIST_FILE = Splitter/Info.plist;
				INFOPLIST_KEY_CFBundleDisplayName = Splitter;
				INFOPLIST_KEY_UIApplicationSceneManifest_Generation = YES;
				INFOPLIST_KEY_UIApplicationSupportsIndirectInputEvents = YES;
				INFOPLIST_KEY_UILaunchScreen_Generation = YES;
				INFOPLIST_KEY_UISupportedInterfaceOrientations = UIInterfaceOrientationPortrait;
				INFOPLIST_KEY_UISupportedInterfaceOrientations_iPad = "UIInterfaceOrientationLandscapeLeft UIInterfaceOrientationLandscapeRight UIInterfaceOrientationPortrait UIInterfaceOrientationPortraitUpsideDown";
				LD_RUNPATH_SEARCH_PATHS = (
					"$(inherited)",
					"@executable_path/Frameworks",
				);
				MARKETING_VERSION = 1.0;
				PRODUCT_BUNDLE_IDENTIFIER = "com.Vince14Genius.Check-Splitter-iOS";
				PRODUCT_NAME = "$(TARGET_NAME)";
				SWIFT_EMIT_LOC_STRINGS = YES;
				SWIFT_VERSION = 5.0;
				TARGETED_DEVICE_FAMILY = "1,2";
			};
			name = Release;
		};
/* End XCBuildConfiguration section */

/* Begin XCConfigurationList section */
		4E7F30B02A9C007E00555493 /* Build configuration list for PBXProject "Splitter" */ = {
			isa = XCConfigurationList;
			buildConfigurations = (
				4E7F30C12A9C007F00555493 /* Debug */,
				4E7F30C22A9C007F00555493 /* Release */,
			);
			defaultConfigurationIsVisible = 0;
			defaultConfigurationName = Release;
		};
		4E7F30C32A9C007F00555493 /* Build configuration list for PBXNativeTarget "Splitter" */ = {
			isa = XCConfigurationList;
			buildConfigurations = (
				4E7F30C42A9C007F00555493 /* Debug */,
				4E7F30C52A9C007F00555493 /* Release */,
			);
			defaultConfigurationIsVisible = 0;
			defaultConfigurationName = Release;
		};
/* End XCConfigurationList section */
	};
	rootObject = 4E7F30AD2A9C007E00555493 /* Project object */;
}
