// !$*UTF8*$!
{
	archiveVersion = 1;
	classes = {
	};
	objectVersion = 56;
	objects = {

/* Begin PBXBuildFile section */
		4E4B68BF2ABA5DBF000CE063 /* Centered.swift in Sources */ = {isa = PBXBuildFile; fileRef = 4E4B68BE2ABA5DBF000CE063 /* Centered.swift */; };
		4E4B68C12ABA7412000CE063 /* FloatingExpandedList.swift in Sources */ = {isa = PBXBuildFile; fileRef = 4E4B68C02ABA7412000CE063 /* FloatingExpandedList.swift */; };
		4E4B68C42ABA7495000CE063 /* FloatingFocusedBar.swift in Sources */ = {isa = PBXBuildFile; fileRef = 4E4B68C32ABA7495000CE063 /* FloatingFocusedBar.swift */; };
		4E4B68C72ABD2FBB000CE063 /* Currencies.swift in Sources */ = {isa = PBXBuildFile; fileRef = 4E4B68C62ABD2FBB000CE063 /* Currencies.swift */; };
		4E4B68C92ABD30A4000CE063 /* CurrencyPicker.swift in Sources */ = {isa = PBXBuildFile; fileRef = 4E4B68C82ABD30A4000CE063 /* CurrencyPicker.swift */; };
		4E547BF52ABE44E100196B65 /* Stages.swift in Sources */ = {isa = PBXBuildFile; fileRef = 4E547BF42ABE44E100196B65 /* Stages.swift */; };
		4E7F30B92A9C007E00555493 /* OCRTestAppApp.swift in Sources */ = {isa = PBXBuildFile; fileRef = 4E7F30B82A9C007E00555493 /* OCRTestAppApp.swift */; };
		4E7F30BB2A9C007E00555493 /* ContentView.swift in Sources */ = {isa = PBXBuildFile; fileRef = 4E7F30BA2A9C007E00555493 /* ContentView.swift */; };
		4E7F30BD2A9C007F00555493 /* Assets.xcassets in Resources */ = {isa = PBXBuildFile; fileRef = 4E7F30BC2A9C007F00555493 /* Assets.xcassets */; };
		4E7F30C02A9C007F00555493 /* Preview Assets.xcassets in Resources */ = {isa = PBXBuildFile; fileRef = 4E7F30BF2A9C007F00555493 /* Preview Assets.xcassets */; };
		4E7F30C72A9FE5DF00555493 /* OCRPhotoModel.swift in Sources */ = {isa = PBXBuildFile; fileRef = 4E7F30C62A9FE5DF00555493 /* OCRPhotoModel.swift */; };
		4E7F30C92A9FE6D000555493 /* ImportedImageView.swift in Sources */ = {isa = PBXBuildFile; fileRef = 4E7F30C82A9FE6D000555493 /* ImportedImageView.swift */; };
		4E7F30CB2A9FF70B00555493 /* ContentView+OCR Processing.swift in Sources */ = {isa = PBXBuildFile; fileRef = 4E7F30CA2A9FF70B00555493 /* ContentView+OCR Processing.swift */; };
		4E7F30CD2A9FF79700555493 /* ImagePicker.swift in Sources */ = {isa = PBXBuildFile; fileRef = 4E7F30CC2A9FF79700555493 /* ImagePicker.swift */; };
		4EF902ED2AA42E15004B4ABF /* Item.swift in Sources */ = {isa = PBXBuildFile; fileRef = 4EF902EC2AA42E15004B4ABF /* Item.swift */; };
		4EF902EF2AA430BA004B4ABF /* OCRResultLabel.swift in Sources */ = {isa = PBXBuildFile; fileRef = 4EF902EE2AA430BA004B4ABF /* OCRResultLabel.swift */; };
		4EF902F12AA54C2A004B4ABF /* FloatingBarState.swift in Sources */ = {isa = PBXBuildFile; fileRef = 4EF902F02AA54C2A004B4ABF /* FloatingBarState.swift */; };
		4EF902F32AA54C52004B4ABF /* FloatingItemsList.swift in Sources */ = {isa = PBXBuildFile; fileRef = 4EF902F22AA54C52004B4ABF /* FloatingItemsList.swift */; };
		4EF902F82AA55134004B4ABF /* OCRResultButton.swift in Sources */ = {isa = PBXBuildFile; fileRef = 4EF902F72AA55134004B4ABF /* OCRResultButton.swift */; };
/* End PBXBuildFile section */

/* Begin PBXFileReference section */
		4E4B68BE2ABA5DBF000CE063 /* Centered.swift */ = {isa = PBXFileReference; lastKnownFileType = sourcecode.swift; path = Centered.swift; sourceTree = "<group>"; };
		4E4B68C02ABA7412000CE063 /* FloatingExpandedList.swift */ = {isa = PBXFileReference; lastKnownFileType = sourcecode.swift; path = FloatingExpandedList.swift; sourceTree = "<group>"; };
		4E4B68C32ABA7495000CE063 /* FloatingFocusedBar.swift */ = {isa = PBXFileReference; lastKnownFileType = sourcecode.swift; path = FloatingFocusedBar.swift; sourceTree = "<group>"; };
		4E4B68C62ABD2FBB000CE063 /* Currencies.swift */ = {isa = PBXFileReference; fileEncoding = 4; lastKnownFileType = sourcecode.swift; path = Currencies.swift; sourceTree = "<group>"; };
		4E4B68C82ABD30A4000CE063 /* CurrencyPicker.swift */ = {isa = PBXFileReference; lastKnownFileType = sourcecode.swift; path = CurrencyPicker.swift; sourceTree = "<group>"; };
		4E547BF42ABE44E100196B65 /* Stages.swift */ = {isa = PBXFileReference; lastKnownFileType = sourcecode.swift; path = Stages.swift; sourceTree = "<group>"; };
		4E7F30B52A9C007E00555493 /* OCRTestApp.app */ = {isa = PBXFileReference; explicitFileType = wrapper.application; includeInIndex = 0; path = OCRTestApp.app; sourceTree = BUILT_PRODUCTS_DIR; };
		4E7F30B82A9C007E00555493 /* OCRTestAppApp.swift */ = {isa = PBXFileReference; lastKnownFileType = sourcecode.swift; path = OCRTestAppApp.swift; sourceTree = "<group>"; };
		4E7F30BA2A9C007E00555493 /* ContentView.swift */ = {isa = PBXFileReference; lastKnownFileType = sourcecode.swift; path = ContentView.swift; sourceTree = "<group>"; };
		4E7F30BC2A9C007F00555493 /* Assets.xcassets */ = {isa = PBXFileReference; lastKnownFileType = folder.assetcatalog; path = Assets.xcassets; sourceTree = "<group>"; };
		4E7F30BF2A9C007F00555493 /* Preview Assets.xcassets */ = {isa = PBXFileReference; lastKnownFileType = folder.assetcatalog; path = "Preview Assets.xcassets"; sourceTree = "<group>"; };
		4E7F30C62A9FE5DF00555493 /* OCRPhotoModel.swift */ = {isa = PBXFileReference; lastKnownFileType = sourcecode.swift; path = OCRPhotoModel.swift; sourceTree = "<group>"; };
		4E7F30C82A9FE6D000555493 /* ImportedImageView.swift */ = {isa = PBXFileReference; lastKnownFileType = sourcecode.swift; path = ImportedImageView.swift; sourceTree = "<group>"; };
		4E7F30CA2A9FF70B00555493 /* ContentView+OCR Processing.swift */ = {isa = PBXFileReference; lastKnownFileType = sourcecode.swift; path = "ContentView+OCR Processing.swift"; sourceTree = "<group>"; };
		4E7F30CC2A9FF79700555493 /* ImagePicker.swift */ = {isa = PBXFileReference; lastKnownFileType = sourcecode.swift; path = ImagePicker.swift; sourceTree = "<group>"; };
		4EF902EC2AA42E15004B4ABF /* Item.swift */ = {isa = PBXFileReference; lastKnownFileType = sourcecode.swift; path = Item.swift; sourceTree = "<group>"; };
		4EF902EE2AA430BA004B4ABF /* OCRResultLabel.swift */ = {isa = PBXFileReference; lastKnownFileType = sourcecode.swift; path = OCRResultLabel.swift; sourceTree = "<group>"; };
		4EF902F02AA54C2A004B4ABF /* FloatingBarState.swift */ = {isa = PBXFileReference; lastKnownFileType = sourcecode.swift; path = FloatingBarState.swift; sourceTree = "<group>"; };
		4EF902F22AA54C52004B4ABF /* FloatingItemsList.swift */ = {isa = PBXFileReference; lastKnownFileType = sourcecode.swift; path = FloatingItemsList.swift; sourceTree = "<group>"; };
		4EF902F72AA55134004B4ABF /* OCRResultButton.swift */ = {isa = PBXFileReference; lastKnownFileType = sourcecode.swift; path = OCRResultButton.swift; sourceTree = "<group>"; };
/* End PBXFileReference section */

/* Begin PBXFrameworksBuildPhase section */
		4E7F30B22A9C007E00555493 /* Frameworks */ = {
			isa = PBXFrameworksBuildPhase;
			buildActionMask = 2147483647;
			files = (
			);
			runOnlyForDeploymentPostprocessing = 0;
		};
/* End PBXFrameworksBuildPhase section */

/* Begin PBXGroup section */
		4E4B68C22ABA743C000CE063 /* Floating Items List */ = {
			isa = PBXGroup;
			children = (
				4EF902F22AA54C52004B4ABF /* FloatingItemsList.swift */,
				4EF902F02AA54C2A004B4ABF /* FloatingBarState.swift */,
				4E4B68C52ABA750F000CE063 /* Subviews */,
			);
			path = "Floating Items List";
			sourceTree = "<group>";
		};
		4E4B68C52ABA750F000CE063 /* Subviews */ = {
			isa = PBXGroup;
			children = (
				4E4B68C02ABA7412000CE063 /* FloatingExpandedList.swift */,
				4E4B68C32ABA7495000CE063 /* FloatingFocusedBar.swift */,
			);
			path = Subviews;
			sourceTree = "<group>";
		};
		4E7F30AC2A9C007E00555493 = {
			isa = PBXGroup;
			children = (
				4E7F30B72A9C007E00555493 /* OCRTestApp */,
				4E7F30B62A9C007E00555493 /* Products */,
			);
			sourceTree = "<group>";
		};
		4E7F30B62A9C007E00555493 /* Products */ = {
			isa = PBXGroup;
			children = (
				4E7F30B52A9C007E00555493 /* OCRTestApp.app */,
			);
			name = Products;
			sourceTree = "<group>";
		};
		4E7F30B72A9C007E00555493 /* OCRTestApp */ = {
			isa = PBXGroup;
			children = (
				4E7F30B82A9C007E00555493 /* OCRTestAppApp.swift */,
				4E7F30BA2A9C007E00555493 /* ContentView.swift */,
				4E4B68C22ABA743C000CE063 /* Floating Items List */,
				4EF902F62AA54CB6004B4ABF /* View Elements */,
				4EF902F42AA54C88004B4ABF /* Model */,
				4EF902F52AA54C9B004B4ABF /* OCR */,
				4E7F30BC2A9C007F00555493 /* Assets.xcassets */,
				4E7F30BE2A9C007F00555493 /* Preview Content */,
			);
			path = OCRTestApp;
			sourceTree = "<group>";
		};
		4E7F30BE2A9C007F00555493 /* Preview Content */ = {
			isa = PBXGroup;
			children = (
				4E7F30BF2A9C007F00555493 /* Preview Assets.xcassets */,
			);
			path = "Preview Content";
			sourceTree = "<group>";
		};
		4EF902F42AA54C88004B4ABF /* Model */ = {
			isa = PBXGroup;
			children = (
				4EF902EC2AA42E15004B4ABF /* Item.swift */,
				4E547BF42ABE44E100196B65 /* Stages.swift */,
				4E4B68C62ABD2FBB000CE063 /* Currencies.swift */,
			);
			path = Model;
			sourceTree = "<group>";
		};
		4EF902F52AA54C9B004B4ABF /* OCR */ = {
			isa = PBXGroup;
			children = (
				4E7F30CA2A9FF70B00555493 /* ContentView+OCR Processing.swift */,
				4E7F30C62A9FE5DF00555493 /* OCRPhotoModel.swift */,
			);
			path = OCR;
			sourceTree = "<group>";
		};
		4EF902F62AA54CB6004B4ABF /* View Elements */ = {
			isa = PBXGroup;
			children = (
				4EF902EE2AA430BA004B4ABF /* OCRResultLabel.swift */,
				4EF902F72AA55134004B4ABF /* OCRResultButton.swift */,
				4E7F30CC2A9FF79700555493 /* ImagePicker.swift */,
				4E7F30C82A9FE6D000555493 /* ImportedImageView.swift */,
				4E4B68BE2ABA5DBF000CE063 /* Centered.swift */,
				4E4B68C82ABD30A4000CE063 /* CurrencyPicker.swift */,
			);
			path = "View Elements";
			sourceTree = "<group>";
		};
/* End PBXGroup section */

/* Begin PBXNativeTarget section */
		4E7F30B42A9C007E00555493 /* OCRTestApp */ = {
			isa = PBXNativeTarget;
			buildConfigurationList = 4E7F30C32A9C007F00555493 /* Build configuration list for PBXNativeTarget "OCRTestApp" */;
			buildPhases = (
				4E7F30B12A9C007E00555493 /* Sources */,
				4E7F30B22A9C007E00555493 /* Frameworks */,
				4E7F30B32A9C007E00555493 /* Resources */,
			);
			buildRules = (
			);
			dependencies = (
			);
			name = OCRTestApp;
			productName = OCRTestApp;
			productReference = 4E7F30B52A9C007E00555493 /* OCRTestApp.app */;
			productType = "com.apple.product-type.application";
		};
/* End PBXNativeTarget section */

/* Begin PBXProject section */
		4E7F30AD2A9C007E00555493 /* Project object */ = {
			isa = PBXProject;
			attributes = {
				BuildIndependentTargetsInParallel = 1;
				LastSwiftUpdateCheck = 1500;
				LastUpgradeCheck = 1500;
				TargetAttributes = {
					4E7F30B42A9C007E00555493 = {
						CreatedOnToolsVersion = 15.0;
					};
				};
			};
			buildConfigurationList = 4E7F30B02A9C007E00555493 /* Build configuration list for PBXProject "OCRTestApp" */;
			compatibilityVersion = "Xcode 14.0";
			developmentRegion = en;
			hasScannedForEncodings = 0;
			knownRegions = (
				en,
				Base,
			);
			mainGroup = 4E7F30AC2A9C007E00555493;
			productRefGroup = 4E7F30B62A9C007E00555493 /* Products */;
			projectDirPath = "";
			projectRoot = "";
			targets = (
				4E7F30B42A9C007E00555493 /* OCRTestApp */,
			);
		};
/* End PBXProject section */

/* Begin PBXResourcesBuildPhase section */
		4E7F30B32A9C007E00555493 /* Resources */ = {
			isa = PBXResourcesBuildPhase;
			buildActionMask = 2147483647;
			files = (
				4E7F30C02A9C007F00555493 /* Preview Assets.xcassets in Resources */,
				4E7F30BD2A9C007F00555493 /* Assets.xcassets in Resources */,
			);
			runOnlyForDeploymentPostprocessing = 0;
		};
/* End PBXResourcesBuildPhase section */

/* Begin PBXSourcesBuildPhase section */
		4E7F30B12A9C007E00555493 /* Sources */ = {
			isa = PBXSourcesBuildPhase;
			buildActionMask = 2147483647;
			files = (
				4E7F30C92A9FE6D000555493 /* ImportedImageView.swift in Sources */,
				4E7F30BB2A9C007E00555493 /* ContentView.swift in Sources */,
				4EF902EF2AA430BA004B4ABF /* OCRResultLabel.swift in Sources */,
				4E547BF52ABE44E100196B65 /* Stages.swift in Sources */,
				4E7F30C72A9FE5DF00555493 /* OCRPhotoModel.swift in Sources */,
				4EF902F32AA54C52004B4ABF /* FloatingItemsList.swift in Sources */,
				4E7F30CD2A9FF79700555493 /* ImagePicker.swift in Sources */,
				4E4B68C72ABD2FBB000CE063 /* Currencies.swift in Sources */,
				4EF902ED2AA42E15004B4ABF /* Item.swift in Sources */,
				4E4B68C92ABD30A4000CE063 /* CurrencyPicker.swift in Sources */,
				4EF902F82AA55134004B4ABF /* OCRResultButton.swift in Sources */,
				4E7F30B92A9C007E00555493 /* OCRTestAppApp.swift in Sources */,
				4EF902F12AA54C2A004B4ABF /* FloatingBarState.swift in Sources */,
				4E7F30CB2A9FF70B00555493 /* ContentView+OCR Processing.swift in Sources */,
				4E4B68C42ABA7495000CE063 /* FloatingFocusedBar.swift in Sources */,
				4E4B68C12ABA7412000CE063 /* FloatingExpandedList.swift in Sources */,
				4E4B68BF2ABA5DBF000CE063 /* Centered.swift in Sources */,
			);
			runOnlyForDeploymentPostprocessing = 0;
		};
/* End PBXSourcesBuildPhase section */

/* Begin XCBuildConfiguration section */
		4E7F30C12A9C007F00555493 /* Debug */ = {
			isa = XCBuildConfiguration;
			buildSettings = {
				ALWAYS_SEARCH_USER_PATHS = NO;
				ASSETCATALOG_COMPILER_GENERATE_SWIFT_ASSET_SYMBOL_EXTENSIONS = YES;
				CLANG_ANALYZER_NONNULL = YES;
				CLANG_ANALYZER_NUMBER_OBJECT_CONVERSION = YES_AGGRESSIVE;
				CLANG_CXX_LANGUAGE_STANDARD = "gnu++20";
				CLANG_ENABLE_MODULES = YES;
				CLANG_ENABLE_OBJC_ARC = YES;
				CLANG_ENABLE_OBJC_WEAK = YES;
				CLANG_WARN_BLOCK_CAPTURE_AUTORELEASING = YES;
				CLANG_WARN_BOOL_CONVERSION = YES;
				CLANG_WARN_COMMA = YES;
				CLANG_WARN_CONSTANT_CONVERSION = YES;
				CLANG_WARN_DEPRECATED_OBJC_IMPLEMENTATIONS = YES;
				CLANG_WARN_DIRECT_OBJC_ISA_USAGE = YES_ERROR;
				CLANG_WARN_DOCUMENTATION_COMMENTS = YES;
				CLANG_WARN_EMPTY_BODY = YES;
				CLANG_WARN_ENUM_CONVERSION = YES;
				CLANG_WARN_INFINITE_RECURSION = YES;
				CLANG_WARN_INT_CONVERSION = YES;
				CLANG_WARN_NON_LITERAL_NULL_CONVERSION = YES;
				CLANG_WARN_OBJC_IMPLICIT_RETAIN_SELF = YES;
				CLANG_WARN_OBJC_LITERAL_CONVERSION = YES;
				CLANG_WARN_OBJC_ROOT_CLASS = YES_ERROR;
				CLANG_WARN_QUOTED_INCLUDE_IN_FRAMEWORK_HEADER = YES;
				CLANG_WARN_RANGE_LOOP_ANALYSIS = YES;
				CLANG_WARN_STRICT_PROTOTYPES = YES;
				CLANG_WARN_SUSPICIOUS_MOVE = YES;
				CLANG_WARN_UNGUARDED_AVAILABILITY = YES_AGGRESSIVE;
				CLANG_WARN_UNREACHABLE_CODE = YES;
				CLANG_WARN__DUPLICATE_METHOD_MATCH = YES;
				COPY_PHASE_STRIP = NO;
				DEBUG_INFORMATION_FORMAT = dwarf;
				ENABLE_STRICT_OBJC_MSGSEND = YES;
				ENABLE_TESTABILITY = YES;
				ENABLE_USER_SCRIPT_SANDBOXING = YES;
				GCC_C_LANGUAGE_STANDARD = gnu17;
				GCC_DYNAMIC_NO_PIC = NO;
				GCC_NO_COMMON_BLOCKS = YES;
				GCC_OPTIMIZATION_LEVEL = 0;
				GCC_PREPROCESSOR_DEFINITIONS = (
					"DEBUG=1",
					"$(inherited)",
				);
				GCC_WARN_64_TO_32_BIT_CONVERSION = YES;
				GCC_WARN_ABOUT_RETURN_TYPE = YES_ERROR;
				GCC_WARN_UNDECLARED_SELECTOR = YES;
				GCC_WARN_UNINITIALIZED_AUTOS = YES_AGGRESSIVE;
				GCC_WARN_UNUSED_FUNCTION = YES;
				GCC_WARN_UNUSED_VARIABLE = YES;
				IPHONEOS_DEPLOYMENT_TARGET = 17.0;
				LOCALIZATION_PREFERS_STRING_CATALOGS = YES;
				MTL_ENABLE_DEBUG_INFO = INCLUDE_SOURCE;
				MTL_FAST_MATH = YES;
				ONLY_ACTIVE_ARCH = YES;
				SDKROOT = iphoneos;
				SWIFT_ACTIVE_COMPILATION_CONDITIONS = "DEBUG $(inherited)";
				SWIFT_OPTIMIZATION_LEVEL = "-Onone";
			};
			name = Debug;
		};
		4E7F30C22A9C007F00555493 /* Release */ = {
			isa = XCBuildConfiguration;
			buildSettings = {
				ALWAYS_SEARCH_USER_PATHS = NO;
				ASSETCATALOG_COMPILER_GENERATE_SWIFT_ASSET_SYMBOL_EXTENSIONS = YES;
				CLANG_ANALYZER_NONNULL = YES;
				CLANG_ANALYZER_NUMBER_OBJECT_CONVERSION = YES_AGGRESSIVE;
				CLANG_CXX_LANGUAGE_STANDARD = "gnu++20";
				CLANG_ENABLE_MODULES = YES;
				CLANG_ENABLE_OBJC_ARC = YES;
				CLANG_ENABLE_OBJC_WEAK = YES;
				CLANG_WARN_BLOCK_CAPTURE_AUTORELEASING = YES;
				CLANG_WARN_BOOL_CONVERSION = YES;
				CLANG_WARN_COMMA = YES;
				CLANG_WARN_CONSTANT_CONVERSION = YES;
				CLANG_WARN_DEPRECATED_OBJC_IMPLEMENTATIONS = YES;
				CLANG_WARN_DIRECT_OBJC_ISA_USAGE = YES_ERROR;
				CLANG_WARN_DOCUMENTATION_COMMENTS = YES;
				CLANG_WARN_EMPTY_BODY = YES;
				CLANG_WARN_ENUM_CONVERSION = YES;
				CLANG_WARN_INFINITE_RECURSION = YES;
				CLANG_WARN_INT_CONVERSION = YES;
				CLANG_WARN_NON_LITERAL_NULL_CONVERSION = YES;
				CLANG_WARN_OBJC_IMPLICIT_RETAIN_SELF = YES;
				CLANG_WARN_OBJC_LITERAL_CONVERSION = YES;
				CLANG_WARN_OBJC_ROOT_CLASS = YES_ERROR;
				CLANG_WARN_QUOTED_INCLUDE_IN_FRAMEWORK_HEADER = YES;
				CLANG_WARN_RANGE_LOOP_ANALYSIS = YES;
				CLANG_WARN_STRICT_PROTOTYPES = YES;
				CLANG_WARN_SUSPICIOUS_MOVE = YES;
				CLANG_WARN_UNGUARDED_AVAILABILITY = YES_AGGRESSIVE;
				CLANG_WARN_UNREACHABLE_CODE = YES;
				CLANG_WARN__DUPLICATE_METHOD_MATCH = YES;
				COPY_PHASE_STRIP = NO;
				DEBUG_INFORMATION_FORMAT = "dwarf-with-dsym";
				ENABLE_NS_ASSERTIONS = NO;
				ENABLE_STRICT_OBJC_MSGSEND = YES;
				ENABLE_USER_SCRIPT_SANDBOXING = YES;
				GCC_C_LANGUAGE_STANDARD = gnu17;
				GCC_NO_COMMON_BLOCKS = YES;
				GCC_WARN_64_TO_32_BIT_CONVERSION = YES;
				GCC_WARN_ABOUT_RETURN_TYPE = YES_ERROR;
				GCC_WARN_UNDECLARED_SELECTOR = YES;
				GCC_WARN_UNINITIALIZED_AUTOS = YES_AGGRESSIVE;
				GCC_WARN_UNUSED_FUNCTION = YES;
				GCC_WARN_UNUSED_VARIABLE = YES;
				IPHONEOS_DEPLOYMENT_TARGET = 17.0;
				LOCALIZATION_PREFERS_STRING_CATALOGS = YES;
				MTL_ENABLE_DEBUG_INFO = NO;
				MTL_FAST_MATH = YES;
				SDKROOT = iphoneos;
				SWIFT_COMPILATION_MODE = wholemodule;
				VALIDATE_PRODUCT = YES;
			};
			name = Release;
		};
		4E7F30C42A9C007F00555493 /* Debug */ = {
			isa = XCBuildConfiguration;
			buildSettings = {
				ASSETCATALOG_COMPILER_APPICON_NAME = AppIcon;
				ASSETCATALOG_COMPILER_GLOBAL_ACCENT_COLOR_NAME = AccentColor;
				CODE_SIGN_STYLE = Automatic;
				CURRENT_PROJECT_VERSION = 1;
				DEVELOPMENT_ASSET_PATHS = "\"OCRTestApp/Preview Content\"";
				DEVELOPMENT_TEAM = S5LH6VYMA5;
				ENABLE_PREVIEWS = YES;
				GENERATE_INFOPLIST_FILE = YES;
				INFOPLIST_KEY_UIApplicationSceneManifest_Generation = YES;
				INFOPLIST_KEY_UIApplicationSupportsIndirectInputEvents = YES;
				INFOPLIST_KEY_UILaunchScreen_Generation = YES;
				INFOPLIST_KEY_UISupportedInterfaceOrientations_iPad = "UIInterfaceOrientationPortrait UIInterfaceOrientationPortraitUpsideDown UIInterfaceOrientationLandscapeLeft UIInterfaceOrientationLandscapeRight";
				INFOPLIST_KEY_UISupportedInterfaceOrientations_iPhone = "UIInterfaceOrientationPortrait UIInterfaceOrientationLandscapeLeft UIInterfaceOrientationLandscapeRight";
				LD_RUNPATH_SEARCH_PATHS = (
					"$(inherited)",
					"@executable_path/Frameworks",
				);
				MARKETING_VERSION = 1.0;
				PRODUCT_BUNDLE_IDENTIFIER = com.Vince14Genius.OCRTestApp;
				PRODUCT_NAME = "$(TARGET_NAME)";
				SWIFT_EMIT_LOC_STRINGS = YES;
				SWIFT_VERSION = 5.0;
				TARGETED_DEVICE_FAMILY = "1,2";
			};
			name = Debug;
		};
		4E7F30C52A9C007F00555493 /* Release */ = {
			isa = XCBuildConfiguration;
			buildSettings = {
				ASSETCATALOG_COMPILER_APPICON_NAME = AppIcon;
				ASSETCATALOG_COMPILER_GLOBAL_ACCENT_COLOR_NAME = AccentColor;
				CODE_SIGN_STYLE = Automatic;
				CURRENT_PROJECT_VERSION = 1;
				DEVELOPMENT_ASSET_PATHS = "\"OCRTestApp/Preview Content\"";
				DEVELOPMENT_TEAM = S5LH6VYMA5;
				ENABLE_PREVIEWS = YES;
				GENERATE_INFOPLIST_FILE = YES;
				INFOPLIST_KEY_UIApplicationSceneManifest_Generation = YES;
				INFOPLIST_KEY_UIApplicationSupportsIndirectInputEvents = YES;
				INFOPLIST_KEY_UILaunchScreen_Generation = YES;
				INFOPLIST_KEY_UISupportedInterfaceOrientations_iPad = "UIInterfaceOrientationPortrait UIInterfaceOrientationPortraitUpsideDown UIInterfaceOrientationLandscapeLeft UIInterfaceOrientationLandscapeRight";
				INFOPLIST_KEY_UISupportedInterfaceOrientations_iPhone = "UIInterfaceOrientationPortrait UIInterfaceOrientationLandscapeLeft UIInterfaceOrientationLandscapeRight";
				LD_RUNPATH_SEARCH_PATHS = (
					"$(inherited)",
					"@executable_path/Frameworks",
				);
				MARKETING_VERSION = 1.0;
				PRODUCT_BUNDLE_IDENTIFIER = com.Vince14Genius.OCRTestApp;
				PRODUCT_NAME = "$(TARGET_NAME)";
				SWIFT_EMIT_LOC_STRINGS = YES;
				SWIFT_VERSION = 5.0;
				TARGETED_DEVICE_FAMILY = "1,2";
			};
			name = Release;
		};
/* End XCBuildConfiguration section */

/* Begin XCConfigurationList section */
		4E7F30B02A9C007E00555493 /* Build configuration list for PBXProject "OCRTestApp" */ = {
			isa = XCConfigurationList;
			buildConfigurations = (
				4E7F30C12A9C007F00555493 /* Debug */,
				4E7F30C22A9C007F00555493 /* Release */,
			);
			defaultConfigurationIsVisible = 0;
			defaultConfigurationName = Release;
		};
		4E7F30C32A9C007F00555493 /* Build configuration list for PBXNativeTarget "OCRTestApp" */ = {
			isa = XCConfigurationList;
			buildConfigurations = (
				4E7F30C42A9C007F00555493 /* Debug */,
				4E7F30C52A9C007F00555493 /* Release */,
			);
			defaultConfigurationIsVisible = 0;
			defaultConfigurationName = Release;
		};
/* End XCConfigurationList section */
	};
	rootObject = 4E7F30AD2A9C007E00555493 /* Project object */;
}
